// !$*UTF8*$!
{
	archiveVersion = 1;
	classes = {
	};
	objectVersion = 77;
	objects = {

/* Begin PBXBuildFile section */
		5B6040BA303FEE1400F6C70B /* PacketTunnel.appex in Embed Foundation Extensions */ = {isa = PBXBuildFile; fileRef = 5B6040B0303FEE1400F6C701 /* PacketTunnel.appex */; settings = {ATTRIBUTES = (RemoveHeadersOnCopy, ); }; };
		5B6040C1303FEE1400F6C712 /* PrizmXTUN in Frameworks */ = {isa = PBXBuildFile; productRef = 5B6040BE303FEE1400F6C70F /* PrizmXTUN */; };
		5B6040D1303FEE1400F6C720 /* PrizmXConfig in Frameworks */ = {isa = PBXBuildFile; productRef = 5B6040D2303FEE1400F6C721 /* PrizmXConfig */; };
		5B6040D3303FEE1400F6C722 /* PrizmXCore in Frameworks */ = {isa = PBXBuildFile; productRef = 5B6040D4303FEE1400F6C723 /* PrizmXCore */; };
		5B6040F8303FEE1400F6C849 /* PrizmXConfig in Frameworks */ = {isa = PBXBuildFile; productRef = 5B6040F9303FEE1400F6C84A /* PrizmXConfig */; };
		5B7A1104304B1001000A04 /* PrizmXUIEngine in Frameworks */ = {isa = PBXBuildFile; productRef = 5B7A1102304B1001000A02 /* PrizmXUIEngine */; };
		5B7A1105304B1001000A05 /* PrizmXUIComponents in Frameworks */ = {isa = PBXBuildFile; productRef = 5B7A1103304B1001000A03 /* PrizmXUIComponents */; };
/* End PBXBuildFile section */

/* Begin PBXContainerItemProxy section */
		5B6040BC303FEE1400F6C70D /* PBXContainerItemProxy */ = {
			isa = PBXContainerItemProxy;
			containerPortal = 5B604092303FEE1300F6C632 /* Project object */;
			proxyType = 1;
			remoteGlobalIDString = 5B6040B5303FEE1400F6C706;
			remoteInfo = PacketTunnel;
		};
/* End PBXContainerItemProxy section */

/* Begin PBXCopyFilesBuildPhase section */
		5B6040B9303FEE1400F6C70A /* Embed Foundation Extensions */ = {
			isa = PBXCopyFilesBuildPhase;
			buildActionMask = 2147483647;
			dstPath = "";
			dstSubfolderSpec = 13;
			files = (
				5B6040BA303FEE1400F6C70B /* PacketTunnel.appex in Embed Foundation Extensions */,
			);
			name = "Embed Foundation Extensions";
			runOnlyForDeploymentPostprocessing = 0;
		};
/* End PBXCopyFilesBuildPhase section */

/* Begin PBXFileReference section */
		5B60409A303FEE1300F6C632 /* PrizmX.app */ = {isa = PBXFileReference; explicitFileType = wrapper.application; includeInIndex = 0; path = PrizmX.app; sourceTree = BUILT_PRODUCTS_DIR; };
		5B6040B0303FEE1400F6C701 /* PacketTunnel.appex */ = {isa = PBXFileReference; explicitFileType = "wrapper.app-extension"; includeInIndex = 0; path = PacketTunnel.appex; sourceTree = BUILT_PRODUCTS_DIR; };
/* End PBXFileReference section */

/* Begin PBXFileSystemSynchronizedBuildFileExceptionSet section */
		5B6040C3303FEE1400F6C714 /* Exceptions for "PacketTunnel" folder in "PacketTunnel" target */ = {
			isa = PBXFileSystemSynchronizedBuildFileExceptionSet;
			membershipExceptions = (
				Info.plist,
			);
			target = 5B6040B5303FEE1400F6C706 /* PacketTunnel */;
		};
/* End PBXFileSystemSynchronizedBuildFileExceptionSet section */

/* Begin PBXFileSystemSynchronizedRootGroup section */
		5B60409C303FEE1300F6C632 /* PrizmX */ = {
			isa = PBXFileSystemSynchronizedRootGroup;
			path = PrizmX;
			sourceTree = "<group>";
		};
		5B6040B1303FEE1400F6C702 /* PacketTunnel */ = {
			isa = PBXFileSystemSynchronizedRootGroup;
			exceptions = (
				5B6040C3303FEE1400F6C714 /* Exceptions for "PacketTunnel" folder in "PacketTunnel" target */,
			);
			path = PacketTunnel;
			sourceTree = "<group>";
		};
/* End PBXFileSystemSynchronizedRootGroup section */

/* Begin PBXFrameworksBuildPhase section */
		5B604097303FEE1300F6C632 /* Frameworks */ = {
			isa = PBXFrameworksBuildPhase;
			buildActionMask = 2147483647;
			files = (
				5B6040F8303FEE1400F6C849 /* PrizmXConfig in Frameworks */,
				5B7A1104304B1001000A04 /* PrizmXUIEngine in Frameworks */,
				5B7A1105304B1001000A05 /* PrizmXUIComponents in Frameworks */,
			);
			runOnlyForDeploymentPostprocessing = 0;
		};
		5B6040B2303FEE1400F6C703 /* Frameworks */ = {
			isa = PBXFrameworksBuildPhase;
			buildActionMask = 2147483647;
			files = (
				5B6040D1303FEE1400F6C720 /* PrizmXConfig in Frameworks */,
				5B6040D3303FEE1400F6C722 /* PrizmXCore in Frameworks */,
				5B6040C1303FEE1400F6C712 /* PrizmXTUN in Frameworks */,
			);
			runOnlyForDeploymentPostprocessing = 0;
		};
/* End PBXFrameworksBuildPhase section */

/* Begin PBXGroup section */
		5B604091303FEE1300F6C632 = {
			isa = PBXGroup;
			children = (
				5B60409C303FEE1300F6C632 /* PrizmX */,
				5B6040B1303FEE1400F6C702 /* PacketTunnel */,
				5B60409B303FEE1300F6C632 /* Products */,
			);
			sourceTree = "<group>";
		};
		5B60409B303FEE1300F6C632 /* Products */ = {
			isa = PBXGroup;
			children = (
				5B60409A303FEE1300F6C632 /* PrizmX.app */,
				5B6040B0303FEE1400F6C701 /* PacketTunnel.appex */,
			);
			name = Products;
			sourceTree = "<group>";
		};
/* End PBXGroup section */

/* Begin PBXNativeTarget section */
		5B604099303FEE1300F6C632 /* PrizmX */ = {
			isa = PBXNativeTarget;
			buildConfigurationList = 5B6040A5303FEE1400F6C632 /* Build configuration list for PBXNativeTarget "PrizmX" */;
			buildPhases = (
				5B604096303FEE1300F6C632 /* Sources */,
				5B604097303FEE1300F6C632 /* Frameworks */,
				5B604098303FEE1300F6C632 /* Resources */,
				5B6040B9303FEE1400F6C70A /* Embed Foundation Extensions */,
			);
			buildRules = (
			);
			dependencies = (
				5B6040BB303FEE1400F6C70C /* PBXTargetDependency */,
			);
			fileSystemSynchronizedGroups = (
				5B60409C303FEE1300F6C632 /* PrizmX */,
			);
			name = PrizmX;
			packageProductDependencies = (
				5B6040F9303FEE1400F6C84A /* PrizmXConfig */,
				5B7A1102304B1001000A02 /* PrizmXUIEngine */,
				5B7A1103304B1001000A03 /* PrizmXUIComponents */,
			);
			productName = PrizmX;
			productReference = 5B60409A303FEE1300F6C632 /* PrizmX.app */;
			productType = "com.apple.product-type.application";
		};
		5B6040B5303FEE1400F6C706 /* PacketTunnel */ = {
			isa = PBXNativeTarget;
			buildConfigurationList = 5B6040B8303FEE1400F6C709 /* Build configuration list for PBXNativeTarget "PacketTunnel" */;
			buildPhases = (
				5B6040B3303FEE1400F6C704 /* Sources */,
				5B6040B2303FEE1400F6C703 /* Frameworks */,
				5B6040B4303FEE1400F6C705 /* Resources */,
			);
			buildRules = (
			);
			dependencies = (
			);
			fileSystemSynchronizedGroups = (
				5B6040B1303FEE1400F6C702 /* PacketTunnel */,
			);
			name = PacketTunnel;
			packageProductDependencies = (
				5B6040BE303FEE1400F6C70F /* PrizmXTUN */,
				5B6040D2303FEE1400F6C721 /* PrizmXConfig */,
				5B6040D4303FEE1400F6C723 /* PrizmXCore */,
			);
			productName = PacketTunnel;
			productReference = 5B6040B0303FEE1400F6C701 /* PacketTunnel.appex */;
			productType = "com.apple.product-type.app-extension";
		};
/* End PBXNativeTarget section */

/* Begin PBXProject section */
		5B604092303FEE1300F6C632 /* Project object */ = {
			isa = PBXProject;
			attributes = {
				BuildIndependentTargetsInParallel = 1;
				LastSwiftUpdateCheck = 2660;
				LastUpgradeCheck = 2660;
				TargetAttributes = {
					5B604099303FEE1300F6C632 = {
						CreatedOnToolsVersion = 26.6;
					};
					5B6040B5303FEE1400F6C706 = {
						CreatedOnToolsVersion = 26.6;
					};
				};
			};
			buildConfigurationList = 5B604095303FEE1300F6C632 /* Build configuration list for PBXProject "PrizmX" */;
			developmentRegion = en;
			hasScannedForEncodings = 0;
			knownRegions = (
				en,
				Base,
			);
			mainGroup = 5B604091303FEE1300F6C632;
			minimizedProjectReferenceProxies = 1;
			packageReferences = (
				5B6040BD303FEE1400F6C70E /* XCLocalSwiftPackageReference "../PrizmX-Foundation" */,
				5B7A1101304B1001000A01 /* XCLocalSwiftPackageReference "../PrizmX-Kit" */,
			);
			preferredProjectObjectVersion = 77;
			productRefGroup = 5B60409B303FEE1300F6C632 /* Products */;
			projectDirPath = "";
			projectRoot = "";
			targets = (
				5B604099303FEE1300F6C632 /* PrizmX */,
				5B6040B5303FEE1400F6C706 /* PacketTunnel */,
			);
		};
/* End PBXProject section */

/* Begin PBXResourcesBuildPhase section */
		5B604098303FEE1300F6C632 /* Resources */ = {
			isa = PBXResourcesBuildPhase;
			buildActionMask = 2147483647;
			files = (
			);
			runOnlyForDeploymentPostprocessing = 0;
		};
		5B6040B4303FEE1400F6C705 /* Resources */ = {
			isa = PBXResourcesBuildPhase;
			buildActionMask = 2147483647;
			files = (
			);
			runOnlyForDeploymentPostprocessing = 0;
		};
/* End PBXResourcesBuildPhase section */

/* Begin PBXSourcesBuildPhase section */
		5B604096303FEE1300F6C632 /* Sources */ = {
			isa = PBXSourcesBuildPhase;
			buildActionMask = 2147483647;
			files = (
			);
			runOnlyForDeploymentPostprocessing = 0;
		};
		5B6040B3303FEE1400F6C704 /* Sources */ = {
			isa = PBXSourcesBuildPhase;
			buildActionMask = 2147483647;
			files = (
			);
			runOnlyForDeploymentPostprocessing = 0;
		};
/* End PBXSourcesBuildPhase section */

/* Begin PBXTargetDependency section */
		5B6040BB303FEE1400F6C70C /* PBXTargetDependency */ = {
			isa = PBXTargetDependency;
			target = 5B6040B5303FEE1400F6C706 /* PacketTunnel */;
			targetProxy = 5B6040BC303FEE1400F6C70D /* PBXContainerItemProxy */;
		};
/* End PBXTargetDependency section */

/* Begin XCBuildConfiguration section */
		5B6040A3303FEE1400F6C632 /* Debug */ = {
			isa = XCBuildConfiguration;
			buildSettings = {
				ALWAYS_SEARCH_USER_PATHS = NO;
				ASSETCATALOG_COMPILER_GENERATE_SWIFT_ASSET_SYMBOL_EXTENSIONS = YES;
				CLANG_ANALYZER_NONNULL = YES;
				CLANG_ANALYZER_NUMBER_OBJECT_CONVERSION = YES_AGGRESSIVE;
				CLANG_CXX_LANGUAGE_STANDARD = "gnu++20";
				CLANG_ENABLE_MODULES = YES;
				CLANG_ENABLE_OBJC_ARC = YES;
				CLANG_ENABLE_OBJC_WEAK = YES;
				CLANG_WARN_BLOCK_CAPTURE_AUTORELEASING = YES;
				CLANG_WARN_BOOL_CONVERSION = YES;
				CLANG_WARN_COMMA = YES;
				CLANG_WARN_CONSTANT_CONVERSION = YES;
				CLANG_WARN_DEPRECATED_OBJC_IMPLEMENTATIONS = YES;
				CLANG_WARN_DIRECT_OBJC_ISA_USAGE = YES_ERROR;
				CLANG_WARN_DOCUMENTATION_COMMENTS = YES;
				CLANG_WARN_EMPTY_BODY = YES;
				CLANG_WARN_ENUM_CONVERSION = YES;
				CLANG_WARN_INFINITE_RECURSION = YES;
				CLANG_WARN_INT_CONVERSION = YES;
				CLANG_WARN_NON_LITERAL_NULL_CONVERSION = YES;
				CLANG_WARN_OBJC_IMPLICIT_RETAIN_SELF = YES;
				CLANG_WARN_OBJC_LITERAL_CONVERSION = YES;
				CLANG_WARN_OBJC_ROOT_CLASS = YES_ERROR;
				CLANG_WARN_QUOTED_INCLUDE_IN_FRAMEWORK_HEADER = YES;
				CLANG_WARN_RANGE_LOOP_ANALYSIS = YES;
				CLANG_WARN_STRICT_PROTOTYPES = YES;
				CLANG_WARN_SUSPICIOUS_MOVE = YES;
				CLANG_WARN_UNGUARDED_AVAILABILITY = YES_AGGRESSIVE;
				CLANG_WARN_UNREACHABLE_CODE = YES;
				CLANG_WARN__DUPLICATE_METHOD_MATCH = YES;
				COPY_PHASE_STRIP = NO;
				DEBUG_INFORMATION_FORMAT = dwarf;
				DEVELOPMENT_TEAM = N49M3Z72D3;
				ENABLE_STRICT_OBJC_MSGSEND = YES;
				ENABLE_TESTABILITY = YES;
				ENABLE_USER_SCRIPT_SANDBOXING = YES;
				GCC_C_LANGUAGE_STANDARD = gnu17;
				GCC_DYNAMIC_NO_PIC = NO;
				GCC_NO_COMMON_BLOCKS = YES;
				GCC_OPTIMIZATION_LEVEL = 0;
				GCC_PREPROCESSOR_DEFINITIONS = (
					"DEBUG=1",
					"$(inherited)",
				);
				GCC_WARN_64_TO_32_BIT_CONVERSION = YES;
				GCC_WARN_ABOUT_RETURN_TYPE = YES_ERROR;
				GCC_WARN_UNDECLARED_SELECTOR = YES;
				GCC_WARN_UNINITIALIZED_AUTOS = YES_AGGRESSIVE;
				GCC_WARN_UNUSED_FUNCTION = YES;
				GCC_WARN_UNUSED_VARIABLE = YES;
				LOCALIZATION_PREFERS_STRING_CATALOGS = YES;
				MACOSX_DEPLOYMENT_TARGET = 26.5;
				MTL_ENABLE_DEBUG_INFO = INCLUDE_SOURCE;
				MTL_FAST_MATH = YES;
				ONLY_ACTIVE_ARCH = YES;
				SDKROOT = macosx;
				SWIFT_ACTIVE_COMPILATION_CONDITIONS = "DEBUG $(inherited)";
				SWIFT_OPTIMIZATION_LEVEL = "-Onone";
			};
			name = Debug;
		};
		5B6040A4303FEE1400F6C632 /* Release */ = {
			isa = XCBuildConfiguration;
			buildSettings = {
				ALWAYS_SEARCH_USER_PATHS = NO;
				ASSETCATALOG_COMPILER_GENERATE_SWIFT_ASSET_SYMBOL_EXTENSIONS = YES;
				CLANG_ANALYZER_NONNULL = YES;
				CLANG_ANALYZER_NUMBER_OBJECT_CONVERSION = YES_AGGRESSIVE;
				CLANG_CXX_LANGUAGE_STANDARD = "gnu++20";
				CLANG_ENABLE_MODULES = YES;
				CLANG_ENABLE_OBJC_ARC = YES;
				CLANG_ENABLE_OBJC_WEAK = YES;
				CLANG_WARN_BLOCK_CAPTURE_AUTORELEASING = YES;
				CLANG_WARN_BOOL_CONVERSION = YES;
				CLANG_WARN_COMMA = YES;
				CLANG_WARN_CONSTANT_CONVERSION = YES;
				CLANG_WARN_DEPRECATED_OBJC_IMPLEMENTATIONS = YES;
				CLANG_WARN_DIRECT_OBJC_ISA_USAGE = YES_ERROR;
				CLANG_WARN_DOCUMENTATION_COMMENTS = YES;
				CLANG_WARN_EMPTY_BODY = YES;
				CLANG_WARN_ENUM_CONVERSION = YES;
				CLANG_WARN_INFINITE_RECURSION = YES;
				CLANG_WARN_INT_CONVERSION = YES;
				CLANG_WARN_NON_LITERAL_NULL_CONVERSION = YES;
				CLANG_WARN_OBJC_IMPLICIT_RETAIN_SELF = YES;
				CLANG_WARN_OBJC_LITERAL_CONVERSION = YES;
				CLANG_WARN_OBJC_ROOT_CLASS = YES_ERROR;
				CLANG_WARN_QUOTED_INCLUDE_IN_FRAMEWORK_HEADER = YES;
				CLANG_WARN_RANGE_LOOP_ANALYSIS = YES;
				CLANG_WARN_STRICT_PROTOTYPES = YES;
				CLANG_WARN_SUSPICIOUS_MOVE = YES;
				CLANG_WARN_UNGUARDED_AVAILABILITY = YES_AGGRESSIVE;
				CLANG_WARN_UNREACHABLE_CODE = YES;
				CLANG_WARN__DUPLICATE_METHOD_MATCH = YES;
				COPY_PHASE_STRIP = NO;
				DEBUG_INFORMATION_FORMAT = "dwarf-with-dsym";
				DEVELOPMENT_TEAM = N49M3Z72D3;
				ENABLE_NS_ASSERTIONS = NO;
				ENABLE_STRICT_OBJC_MSGSEND = YES;
				ENABLE_USER_SCRIPT_SANDBOXING = YES;
				GCC_C_LANGUAGE_STANDARD = gnu17;
				GCC_NO_COMMON_BLOCKS = YES;
				GCC_WARN_64_TO_32_BIT_CONVERSION = YES;
				GCC_WARN_ABOUT_RETURN_TYPE = YES_ERROR;
				GCC_WARN_UNDECLARED_SELECTOR = YES;
				GCC_WARN_UNINITIALIZED_AUTOS = YES_AGGRESSIVE;
				GCC_WARN_UNUSED_FUNCTION = YES;
				GCC_WARN_UNUSED_VARIABLE = YES;
				LOCALIZATION_PREFERS_STRING_CATALOGS = YES;
				MACOSX_DEPLOYMENT_TARGET = 26.5;
				MTL_ENABLE_DEBUG_INFO = NO;
				MTL_FAST_MATH = YES;
				SDKROOT = macosx;
				SWIFT_COMPILATION_MODE = wholemodule;
			};
			name = Release;
		};
		5B6040A6303FEE1400F6C632 /* Debug */ = {
			isa = XCBuildConfiguration;
			buildSettings = {
				ASSETCATALOG_COMPILER_APPICON_NAME = AppIcon;
				ASSETCATALOG_COMPILER_GLOBAL_ACCENT_COLOR_NAME = AccentColor;
				CODE_SIGN_ENTITLEMENTS = PrizmX/PrizmX.entitlements;
				CODE_SIGN_STYLE = Automatic;
				COMBINE_HIDPI_IMAGES = YES;
				CURRENT_PROJECT_VERSION = 1;
				DEVELOPMENT_TEAM = N49M3Z72D3;
				ENABLE_APP_SANDBOX = YES;
				ENABLE_HARDENED_RUNTIME = YES;
				ENABLE_PREVIEWS = YES;
				ENABLE_USER_SELECTED_FILES = readonly;
				GENERATE_INFOPLIST_FILE = YES;
				INFOPLIST_KEY_NSHumanReadableCopyright = "";
				LD_RUNPATH_SEARCH_PATHS = (
					"$(inherited)",
					"@executable_path/../Frameworks",
				);
				MARKETING_VERSION = 1.0;
				PRODUCT_BUNDLE_IDENTIFIER = app.prizmx.macos;
				PRODUCT_NAME = "$(TARGET_NAME)";
				REGISTER_APP_GROUPS = YES;
				STRING_CATALOG_GENERATE_SYMBOLS = YES;
				SWIFT_APPROACHABLE_CONCURRENCY = YES;
				SWIFT_DEFAULT_ACTOR_ISOLATION = MainActor;
				SWIFT_EMIT_LOC_STRINGS = YES;
				SWIFT_UPCOMING_FEATURE_MEMBER_IMPORT_VISIBILITY = YES;
				SWIFT_VERSION = 5.0;
			};
			name = Debug;
		};
		5B6040A7303FEE1400F6C632 /* Release */ = {
			isa = XCBuildConfiguration;
			buildSettings = {
				ASSETCATALOG_COMPILER_APPICON_NAME = AppIcon;
				ASSETCATALOG_COMPILER_GLOBAL_ACCENT_COLOR_NAME = AccentColor;
				CODE_SIGN_ENTITLEMENTS = PrizmX/PrizmX.entitlements;
				CODE_SIGN_STYLE = Automatic;
				COMBINE_HIDPI_IMAGES = YES;
				CURRENT_PROJECT_VERSION = 1;
				DEVELOPMENT_TEAM = N49M3Z72D3;
				ENABLE_APP_SANDBOX = YES;
				ENABLE_HARDENED_RUNTIME = YES;
				ENABLE_PREVIEWS = YES;
				ENABLE_USER_SELECTED_FILES = readonly;
				GENERATE_INFOPLIST_FILE = YES;
				INFOPLIST_KEY_NSHumanReadableCopyright = "";
				LD_RUNPATH_SEARCH_PATHS = (
					"$(inherited)",
					"@executable_path/../Frameworks",
				);
				MARKETING_VERSION = 1.0;
				PRODUCT_BUNDLE_IDENTIFIER = app.prizmx.macos;
				PRODUCT_NAME = "$(TARGET_NAME)";
				REGISTER_APP_GROUPS = YES;
				STRING_CATALOG_GENERATE_SYMBOLS = YES;
				SWIFT_APPROACHABLE_CONCURRENCY = YES;
				SWIFT_DEFAULT_ACTOR_ISOLATION = MainActor;
				SWIFT_EMIT_LOC_STRINGS = YES;
				SWIFT_UPCOMING_FEATURE_MEMBER_IMPORT_VISIBILITY = YES;
				SWIFT_VERSION = 5.0;
			};
			name = Release;
		};
		5B6040B6303FEE1400F6C707 /* Debug */ = {
			isa = XCBuildConfiguration;
			buildSettings = {
				CODE_SIGN_ENTITLEMENTS = PacketTunnel/PacketTunnel.entitlements;
				CODE_SIGN_STYLE = Automatic;
				CURRENT_PROJECT_VERSION = 1;
				DEVELOPMENT_TEAM = N49M3Z72D3;
				ENABLE_APP_SANDBOX = YES;
				ENABLE_DEBUG_DYLIB = NO;
				ENABLE_HARDENED_RUNTIME = YES;
				ENABLE_PREVIEWS = NO;
				GENERATE_INFOPLIST_FILE = YES;
				INFOPLIST_FILE = PacketTunnel/Info.plist;
				INFOPLIST_KEY_CFBundleDisplayName = "PrizmX Tunnel";
				INFOPLIST_KEY_NSHumanReadableCopyright = "";
				LD_RUNPATH_SEARCH_PATHS = (
					"$(inherited)",
					"@executable_path/../Frameworks",
					"@executable_path/../../../../Frameworks",
				);
				MARKETING_VERSION = 1.0;
				PRODUCT_BUNDLE_IDENTIFIER = "app.prizmx.macos.packet-tunnel";
				PRODUCT_NAME = "$(TARGET_NAME)";
				SKIP_INSTALL = YES;
				SWIFT_APPROACHABLE_CONCURRENCY = YES;
				SWIFT_EMIT_LOC_STRINGS = YES;
				SWIFT_VERSION = 5.0;
			};
			name = Debug;
		};
		5B6040B7303FEE1400F6C708 /* Release */ = {
			isa = XCBuildConfiguration;
			buildSettings = {
				CODE_SIGN_ENTITLEMENTS = PacketTunnel/PacketTunnel.entitlements;
				CODE_SIGN_STYLE = Automatic;
				CURRENT_PROJECT_VERSION = 1;
				DEVELOPMENT_TEAM = N49M3Z72D3;
				ENABLE_APP_SANDBOX = YES;
				ENABLE_DEBUG_DYLIB = NO;
				ENABLE_HARDENED_RUNTIME = YES;
				ENABLE_PREVIEWS = NO;
				GENERATE_INFOPLIST_FILE = YES;
				INFOPLIST_FILE = PacketTunnel/Info.plist;
				INFOPLIST_KEY_CFBundleDisplayName = "PrizmX Tunnel";
				INFOPLIST_KEY_NSHumanReadableCopyright = "";
				LD_RUNPATH_SEARCH_PATHS = (
					"$(inherited)",
					"@executable_path/../Frameworks",
					"@executable_path/../../../../Frameworks",
				);
				MARKETING_VERSION = 1.0;
				PRODUCT_BUNDLE_IDENTIFIER = "app.prizmx.macos.packet-tunnel";
				PRODUCT_NAME = "$(TARGET_NAME)";
				SKIP_INSTALL = YES;
				SWIFT_APPROACHABLE_CONCURRENCY = YES;
				SWIFT_EMIT_LOC_STRINGS = YES;
				SWIFT_VERSION = 5.0;
			};
			name = Release;
		};
/* End XCBuildConfiguration section */

/* Begin XCConfigurationList section */
		5B604095303FEE1300F6C632 /* Build configuration list for PBXProject "PrizmX" */ = {
			isa = XCConfigurationList;
			buildConfigurations = (
				5B6040A3303FEE1400F6C632 /* Debug */,
				5B6040A4303FEE1400F6C632 /* Release */,
			);
			defaultConfigurationIsVisible = 0;
			defaultConfigurationName = Release;
		};
		5B6040A5303FEE1400F6C632 /* Build configuration list for PBXNativeTarget "PrizmX" */ = {
			isa = XCConfigurationList;
			buildConfigurations = (
				5B6040A6303FEE1400F6C632 /* Debug */,
				5B6040A7303FEE1400F6C632 /* Release */,
			);
			defaultConfigurationIsVisible = 0;
			defaultConfigurationName = Release;
		};
		5B6040B8303FEE1400F6C709 /* Build configuration list for PBXNativeTarget "PacketTunnel" */ = {
			isa = XCConfigurationList;
			buildConfigurations = (
				5B6040B6303FEE1400F6C707 /* Debug */,
				5B6040B7303FEE1400F6C708 /* Release */,
			);
			defaultConfigurationIsVisible = 0;
			defaultConfigurationName = Release;
		};
/* End XCConfigurationList section */

/* Begin XCLocalSwiftPackageReference section */
		5B6040BD303FEE1400F6C70E /* XCLocalSwiftPackageReference "../PrizmX-Foundation" */ = {
			isa = XCLocalSwiftPackageReference;
			relativePath = "../PrizmX-Foundation";
		};
		5B7A1101304B1001000A01 /* XCLocalSwiftPackageReference "../PrizmX-Kit" */ = {
			isa = XCLocalSwiftPackageReference;
			relativePath = "../PrizmX-Kit";
		};
/* End XCLocalSwiftPackageReference section */

/* Begin XCSwiftPackageProductDependency section */
		5B6040BE303FEE1400F6C70F /* PrizmXTUN */ = {
			isa = XCSwiftPackageProductDependency;
			package = 5B6040BD303FEE1400F6C70E /* XCLocalSwiftPackageReference "../PrizmX-Foundation" */;
			productName = PrizmXTUN;
		};
		5B6040D2303FEE1400F6C721 /* PrizmXConfig */ = {
			isa = XCSwiftPackageProductDependency;
			package = 5B6040BD303FEE1400F6C70E /* XCLocalSwiftPackageReference "../PrizmX-Foundation" */;
			productName = PrizmXConfig;
		};
		5B6040D4303FEE1400F6C723 /* PrizmXCore */ = {
			isa = XCSwiftPackageProductDependency;
			package = 5B6040BD303FEE1400F6C70E /* XCLocalSwiftPackageReference "../PrizmX-Foundation" */;
			productName = PrizmXCore;
		};
		5B6040F9303FEE1400F6C84A /* PrizmXConfig */ = {
			isa = XCSwiftPackageProductDependency;
			package = 5B6040BD303FEE1400F6C70E /* XCLocalSwiftPackageReference "../PrizmX-Foundation" */;
			productName = PrizmXConfig;
		};
		5B7A1102304B1001000A02 /* PrizmXUIEngine */ = {
			isa = XCSwiftPackageProductDependency;
			package = 5B7A1101304B1001000A01 /* XCLocalSwiftPackageReference "../PrizmX-Kit" */;
			productName = PrizmXUIEngine;
		};
		5B7A1103304B1001000A03 /* PrizmXUIComponents */ = {
			isa = XCSwiftPackageProductDependency;
			package = 5B7A1101304B1001000A01 /* XCLocalSwiftPackageReference "../PrizmX-Kit" */;
			productName = PrizmXUIComponents;
		};
/* End XCSwiftPackageProductDependency section */
	};
	rootObject = 5B604092303FEE1300F6C632 /* Project object */;
}
